// !$*UTF8*$!
{
	archiveVersion = 1;
	classes = {
	};
	objectVersion = 55;
	objects = {

/* Begin PBXBuildFile section */
		D7F4F3C9287E995800980AD5 /* SinopacPaulyswen.docc in Sources */ = {isa = PBXBuildFile; fileRef = D7F4F3C8287E995800980AD5 /* SinopacPaulyswen.docc */; };
		D7F4F3CF287E995800980AD5 /* SinopacPaulyswen.framework in Frameworks */ = {isa = PBXBuildFile; fileRef = D7F4F3C4287E995800980AD5 /* SinopacPaulyswen.framework */; };
		D7F4F3D5287E995800980AD5 /* SinopacPaulyswen.h in Headers */ = {isa = PBXBuildFile; fileRef = D7F4F3C7287E995800980AD5 /* SinopacPaulyswen.h */; settings = {ATTRIBUTES = (Public, ); }; };
		D7F4F3DF287E9B8F00980AD5 /* Feeditem.swift in Sources */ = {isa = PBXBuildFile; fileRef = D7F4F3DE287E9B8F00980AD5 /* Feeditem.swift */; };
		D7F4F3E1287E9D5200980AD5 /* FeedLoader.swift in Sources */ = {isa = PBXBuildFile; fileRef = D7F4F3E0287E9D5200980AD5 /* FeedLoader.swift */; };
		D7F4F3E4287ECC6F00980AD5 /* RemoteFeedLoaderTest.swift in Sources */ = {isa = PBXBuildFile; fileRef = D7F4F3E3287ECC6F00980AD5 /* RemoteFeedLoaderTest.swift */; };
/* End PBXBuildFile section */

/* Begin PBXContainerItemProxy section */
		D7F4F3D0287E995800980AD5 /* PBXContainerItemProxy */ = {
			isa = PBXContainerItemProxy;
			containerPortal = D7F4F3BB287E995800980AD5 /* Project object */;
			proxyType = 1;
			remoteGlobalIDString = D7F4F3C3287E995800980AD5;
			remoteInfo = SinopacPaulyswen;
		};
/* End PBXContainerItemProxy section */

/* Begin PBXFileReference section */
		D7F4F3C4287E995800980AD5 /* SinopacPaulyswen.framework */ = {isa = PBXFileReference; explicitFileType = wrapper.framework; includeInIndex = 0; path = SinopacPaulyswen.framework; sourceTree = BUILT_PRODUCTS_DIR; };
		D7F4F3C7287E995800980AD5 /* SinopacPaulyswen.h */ = {isa = PBXFileReference; lastKnownFileType = sourcecode.c.h; path = SinopacPaulyswen.h; sourceTree = "<group>"; };
		D7F4F3C8287E995800980AD5 /* SinopacPaulyswen.docc */ = {isa = PBXFileReference; lastKnownFileType = folder.documentationcatalog; path = SinopacPaulyswen.docc; sourceTree = "<group>"; };
		D7F4F3CE287E995800980AD5 /* SinopacPaulyswenTests.xctest */ = {isa = PBXFileReference; explicitFileType = wrapper.cfbundle; includeInIndex = 0; path = SinopacPaulyswenTests.xctest; sourceTree = BUILT_PRODUCTS_DIR; };
		D7F4F3DE287E9B8F00980AD5 /* Feeditem.swift */ = {isa = PBXFileReference; lastKnownFileType = sourcecode.swift; path = Feeditem.swift; sourceTree = "<group>"; };
		D7F4F3E0287E9D5200980AD5 /* FeedLoader.swift */ = {isa = PBXFileReference; lastKnownFileType = sourcecode.swift; path = FeedLoader.swift; sourceTree = "<group>"; };
		D7F4F3E3287ECC6F00980AD5 /* RemoteFeedLoaderTest.swift */ = {isa = PBXFileReference; lastKnownFileType = sourcecode.swift; path = RemoteFeedLoaderTest.swift; sourceTree = "<group>"; };
/* End PBXFileReference section */

/* Begin PBXFrameworksBuildPhase section */
		D7F4F3C1287E995800980AD5 /* Frameworks */ = {
			isa = PBXFrameworksBuildPhase;
			buildActionMask = 2147483647;
			files = (
			);
			runOnlyForDeploymentPostprocessing = 0;
		};
		D7F4F3CB287E995800980AD5 /* Frameworks */ = {
			isa = PBXFrameworksBuildPhase;
			buildActionMask = 2147483647;
			files = (
				D7F4F3CF287E995800980AD5 /* SinopacPaulyswen.framework in Frameworks */,
			);
			runOnlyForDeploymentPostprocessing = 0;
		};
/* End PBXFrameworksBuildPhase section */

/* Begin PBXGroup section */
		D7F4F3BA287E995800980AD5 = {
			isa = PBXGroup;
			children = (
				D7F4F3C6287E995800980AD5 /* SinopacPaulyswen */,
				D7F4F3D2287E995800980AD5 /* SinopacPaulyswenTests */,
				D7F4F3C5287E995800980AD5 /* Products */,
			);
			sourceTree = "<group>";
		};
		D7F4F3C5287E995800980AD5 /* Products */ = {
			isa = PBXGroup;
			children = (
				D7F4F3C4287E995800980AD5 /* SinopacPaulyswen.framework */,
				D7F4F3CE287E995800980AD5 /* SinopacPaulyswenTests.xctest */,
			);
			name = Products;
			sourceTree = "<group>";
		};
		D7F4F3C6287E995800980AD5 /* SinopacPaulyswen */ = {
			isa = PBXGroup;
			children = (
				D7F4F3C7287E995800980AD5 /* SinopacPaulyswen.h */,
				D7F4F3C8287E995800980AD5 /* SinopacPaulyswen.docc */,
				D7F4F3E2287ECB6400980AD5 /* Feed Feature */,
			);
			path = SinopacPaulyswen;
			sourceTree = "<group>";
		};
		D7F4F3D2287E995800980AD5 /* SinopacPaulyswenTests */ = {
			isa = PBXGroup;
			children = (
				D7F4F3E3287ECC6F00980AD5 /* RemoteFeedLoaderTest.swift */,
			);
			path = SinopacPaulyswenTests;
			sourceTree = "<group>";
		};
		D7F4F3E2287ECB6400980AD5 /* Feed Feature */ = {
			isa = PBXGroup;
			children = (
				D7F4F3DE287E9B8F00980AD5 /* Feeditem.swift */,
				D7F4F3E0287E9D5200980AD5 /* FeedLoader.swift */,
			);
			path = "Feed Feature";
			sourceTree = "<group>";
		};
/* End PBXGroup section */

/* Begin PBXHeadersBuildPhase section */
		D7F4F3BF287E995800980AD5 /* Headers */ = {
			isa = PBXHeadersBuildPhase;
			buildActionMask = 2147483647;
			files = (
				D7F4F3D5287E995800980AD5 /* SinopacPaulyswen.h in Headers */,
			);
			runOnlyForDeploymentPostprocessing = 0;
		};
/* End PBXHeadersBuildPhase section */

/* Begin PBXNativeTarget section */
		D7F4F3C3287E995800980AD5 /* SinopacPaulyswen */ = {
			isa = PBXNativeTarget;
			buildConfigurationList = D7F4F3D8287E995800980AD5 /* Build configuration list for PBXNativeTarget "SinopacPaulyswen" */;
			buildPhases = (
				D7F4F3BF287E995800980AD5 /* Headers */,
				D7F4F3C0287E995800980AD5 /* Sources */,
				D7F4F3C1287E995800980AD5 /* Frameworks */,
				D7F4F3C2287E995800980AD5 /* Resources */,
			);
			buildRules = (
			);
			dependencies = (
			);
			name = SinopacPaulyswen;
			productName = SinopacPaulyswen;
			productReference = D7F4F3C4287E995800980AD5 /* SinopacPaulyswen.framework */;
			productType = "com.apple.product-type.framework";
		};
		D7F4F3CD287E995800980AD5 /* SinopacPaulyswenTests */ = {
			isa = PBXNativeTarget;
			buildConfigurationList = D7F4F3DB287E995800980AD5 /* Build configuration list for PBXNativeTarget "SinopacPaulyswenTests" */;
			buildPhases = (
				D7F4F3CA287E995800980AD5 /* Sources */,
				D7F4F3CB287E995800980AD5 /* Frameworks */,
				D7F4F3CC287E995800980AD5 /* Resources */,
			);
			buildRules = (
			);
			dependencies = (
				D7F4F3D1287E995800980AD5 /* PBXTargetDependency */,
			);
			name = SinopacPaulyswenTests;
			productName = SinopacPaulyswenTests;
			productReference = D7F4F3CE287E995800980AD5 /* SinopacPaulyswenTests.xctest */;
			productType = "com.apple.product-type.bundle.unit-test";
		};
/* End PBXNativeTarget section */

/* Begin PBXProject section */
		D7F4F3BB287E995800980AD5 /* Project object */ = {
			isa = PBXProject;
			attributes = {
				BuildIndependentTargetsInParallel = 1;
				LastSwiftUpdateCheck = 1340;
				LastUpgradeCheck = 1340;
				TargetAttributes = {
					D7F4F3C3287E995800980AD5 = {
						CreatedOnToolsVersion = 13.4;
					};
					D7F4F3CD287E995800980AD5 = {
						CreatedOnToolsVersion = 13.4;
					};
				};
			};
			buildConfigurationList = D7F4F3BE287E995800980AD5 /* Build configuration list for PBXProject "SinopacPaulyswen" */;
			compatibilityVersion = "Xcode 13.0";
			developmentRegion = en;
			hasScannedForEncodings = 0;
			knownRegions = (
				en,
				Base,
			);
			mainGroup = D7F4F3BA287E995800980AD5;
			productRefGroup = D7F4F3C5287E995800980AD5 /* Products */;
			projectDirPath = "";
			projectRoot = "";
			targets = (
				D7F4F3C3287E995800980AD5 /* SinopacPaulyswen */,
				D7F4F3CD287E995800980AD5 /* SinopacPaulyswenTests */,
			);
		};
/* End PBXProject section */

/* Begin PBXResourcesBuildPhase section */
		D7F4F3C2287E995800980AD5 /* Resources */ = {
			isa = PBXResourcesBuildPhase;
			buildActionMask = 2147483647;
			files = (
			);
			runOnlyForDeploymentPostprocessing = 0;
		};
		D7F4F3CC287E995800980AD5 /* Resources */ = {
			isa = PBXResourcesBuildPhase;
			buildActionMask = 2147483647;
			files = (
			);
			runOnlyForDeploymentPostprocessing = 0;
		};
/* End PBXResourcesBuildPhase section */

/* Begin PBXSourcesBuildPhase section */
		D7F4F3C0287E995800980AD5 /* Sources */ = {
			isa = PBXSourcesBuildPhase;
			buildActionMask = 2147483647;
			files = (
				D7F4F3E1287E9D5200980AD5 /* FeedLoader.swift in Sources */,
				D7F4F3DF287E9B8F00980AD5 /* Feeditem.swift in Sources */,
				D7F4F3C9287E995800980AD5 /* SinopacPaulyswen.docc in Sources */,
			);
			runOnlyForDeploymentPostprocessing = 0;
		};
		D7F4F3CA287E995800980AD5 /* Sources */ = {
			isa = PBXSourcesBuildPhase;
			buildActionMask = 2147483647;
			files = (
				D7F4F3E4287ECC6F00980AD5 /* RemoteFeedLoaderTest.swift in Sources */,
			);
			runOnlyForDeploymentPostprocessing = 0;
		};
/* End PBXSourcesBuildPhase section */

/* Begin PBXTargetDependency section */
		D7F4F3D1287E995800980AD5 /* PBXTargetDependency */ = {
			isa = PBXTargetDependency;
			target = D7F4F3C3287E995800980AD5 /* SinopacPaulyswen */;
			targetProxy = D7F4F3D0287E995800980AD5 /* PBXContainerItemProxy */;
		};
/* End PBXTargetDependency section */

/* Begin XCBuildConfiguration section */
		D7F4F3D6287E995800980AD5 /* Debug */ = {
			isa = XCBuildConfiguration;
			buildSettings = {
				ALWAYS_SEARCH_USER_PATHS = NO;
				CLANG_ANALYZER_NONNULL = YES;
				CLANG_ANALYZER_NUMBER_OBJECT_CONVERSION = YES_AGGRESSIVE;
				CLANG_CXX_LANGUAGE_STANDARD = "gnu++17";
				CLANG_ENABLE_MODULES = YES;
				CLANG_ENABLE_OBJC_ARC = YES;
				CLANG_ENABLE_OBJC_WEAK = YES;
				CLANG_WARN_BLOCK_CAPTURE_AUTORELEASING = YES;
				CLANG_WARN_BOOL_CONVERSION = YES;
				CLANG_WARN_COMMA = YES;
				CLANG_WARN_CONSTANT_CONVERSION = YES;
				CLANG_WARN_DEPRECATED_OBJC_IMPLEMENTATIONS = YES;
				CLANG_WARN_DIRECT_OBJC_ISA_USAGE = YES_ERROR;
				CLANG_WARN_DOCUMENTATION_COMMENTS = YES;
				CLANG_WARN_EMPTY_BODY = YES;
				CLANG_WARN_ENUM_CONVERSION = YES;
				CLANG_WARN_INFINITE_RECURSION = YES;
				CLANG_WARN_INT_CONVERSION = YES;
				CLANG_WARN_NON_LITERAL_NULL_CONVERSION = YES;
				CLANG_WARN_OBJC_IMPLICIT_RETAIN_SELF = YES;
				CLANG_WARN_OBJC_LITERAL_CONVERSION = YES;
				CLANG_WARN_OBJC_ROOT_CLASS = YES_ERROR;
				CLANG_WARN_QUOTED_INCLUDE_IN_FRAMEWORK_HEADER = YES;
				CLANG_WARN_RANGE_LOOP_ANALYSIS = YES;
				CLANG_WARN_STRICT_PROTOTYPES = YES;
				CLANG_WARN_SUSPICIOUS_MOVE = YES;
				CLANG_WARN_UNGUARDED_AVAILABILITY = YES_AGGRESSIVE;
				CLANG_WARN_UNREACHABLE_CODE = YES;
				CLANG_WARN__DUPLICATE_METHOD_MATCH = YES;
				COPY_PHASE_STRIP = NO;
				CURRENT_PROJECT_VERSION = 1;
				DEBUG_INFORMATION_FORMAT = dwarf;
				ENABLE_STRICT_OBJC_MSGSEND = YES;
				ENABLE_TESTABILITY = YES;
				GCC_C_LANGUAGE_STANDARD = gnu11;
				GCC_DYNAMIC_NO_PIC = NO;
				GCC_NO_COMMON_BLOCKS = YES;
				GCC_OPTIMIZATION_LEVEL = 0;
				GCC_PREPROCESSOR_DEFINITIONS = (
					"DEBUG=1",
					"$(inherited)",
				);
				GCC_WARN_64_TO_32_BIT_CONVERSION = YES;
				GCC_WARN_ABOUT_RETURN_TYPE = YES_ERROR;
				GCC_WARN_UNDECLARED_SELECTOR = YES;
				GCC_WARN_UNINITIALIZED_AUTOS = YES_AGGRESSIVE;
				GCC_WARN_UNUSED_FUNCTION = YES;
				GCC_WARN_UNUSED_VARIABLE = YES;
				MACOSX_DEPLOYMENT_TARGET = 12.3;
				MTL_ENABLE_DEBUG_INFO = INCLUDE_SOURCE;
				MTL_FAST_MATH = YES;
				ONLY_ACTIVE_ARCH = YES;
				SDKROOT = macosx;
				SWIFT_ACTIVE_COMPILATION_CONDITIONS = DEBUG;
				SWIFT_OPTIMIZATION_LEVEL = "-Onone";
				VERSIONING_SYSTEM = "apple-generic";
				VERSION_INFO_PREFIX = "";
			};
			name = Debug;
		};
		D7F4F3D7287E995800980AD5 /* Release */ = {
			isa = XCBuildConfiguration;
			buildSettings = {
				ALWAYS_SEARCH_USER_PATHS = NO;
				CLANG_ANALYZER_NONNULL = YES;
				CLANG_ANALYZER_NUMBER_OBJECT_CONVERSION = YES_AGGRESSIVE;
				CLANG_CXX_LANGUAGE_STANDARD = "gnu++17";
				CLANG_ENABLE_MODULES = YES;
				CLANG_ENABLE_OBJC_ARC = YES;
				CLANG_ENABLE_OBJC_WEAK = YES;
				CLANG_WARN_BLOCK_CAPTURE_AUTORELEASING = YES;
				CLANG_WARN_BOOL_CONVERSION = YES;
				CLANG_WARN_COMMA = YES;
				CLANG_WARN_CONSTANT_CONVERSION = YES;
				CLANG_WARN_DEPRECATED_OBJC_IMPLEMENTATIONS = YES;
				CLANG_WARN_DIRECT_OBJC_ISA_USAGE = YES_ERROR;
				CLANG_WARN_DOCUMENTATION_COMMENTS = YES;
				CLANG_WARN_EMPTY_BODY = YES;
				CLANG_WARN_ENUM_CONVERSION = YES;
				CLANG_WARN_INFINITE_RECURSION = YES;
				CLANG_WARN_INT_CONVERSION = YES;
				CLANG_WARN_NON_LITERAL_NULL_CONVERSION = YES;
				CLANG_WARN_OBJC_IMPLICIT_RETAIN_SELF = YES;
				CLANG_WARN_OBJC_LITERAL_CONVERSION = YES;
				CLANG_WARN_OBJC_ROOT_CLASS = YES_ERROR;
				CLANG_WARN_QUOTED_INCLUDE_IN_FRAMEWORK_HEADER = YES;
				CLANG_WARN_RANGE_LOOP_ANALYSIS = YES;
				CLANG_WARN_STRICT_PROTOTYPES = YES;
				CLANG_WARN_SUSPICIOUS_MOVE = YES;
				CLANG_WARN_UNGUARDED_AVAILABILITY = YES_AGGRESSIVE;
				CLANG_WARN_UNREACHABLE_CODE = YES;
				CLANG_WARN__DUPLICATE_METHOD_MATCH = YES;
				COPY_PHASE_STRIP = NO;
				CURRENT_PROJECT_VERSION = 1;
				DEBUG_INFORMATION_FORMAT = "dwarf-with-dsym";
				ENABLE_NS_ASSERTIONS = NO;
				ENABLE_STRICT_OBJC_MSGSEND = YES;
				GCC_C_LANGUAGE_STANDARD = gnu11;
				GCC_NO_COMMON_BLOCKS = YES;
				GCC_WARN_64_TO_32_BIT_CONVERSION = YES;
				GCC_WARN_ABOUT_RETURN_TYPE = YES_ERROR;
				GCC_WARN_UNDECLARED_SELECTOR = YES;
				GCC_WARN_UNINITIALIZED_AUTOS = YES_AGGRESSIVE;
				GCC_WARN_UNUSED_FUNCTION = YES;
				GCC_WARN_UNUSED_VARIABLE = YES;
				MACOSX_DEPLOYMENT_TARGET = 12.3;
				MTL_ENABLE_DEBUG_INFO = NO;
				MTL_FAST_MATH = YES;
				SDKROOT = macosx;
				SWIFT_COMPILATION_MODE = wholemodule;
				SWIFT_OPTIMIZATION_LEVEL = "-O";
				VERSIONING_SYSTEM = "apple-generic";
				VERSION_INFO_PREFIX = "";
			};
			name = Release;
		};
		D7F4F3D9287E995800980AD5 /* Debug */ = {
			isa = XCBuildConfiguration;
			buildSettings = {
				CODE_SIGN_STYLE = Automatic;
				COMBINE_HIDPI_IMAGES = YES;
				CURRENT_PROJECT_VERSION = 1;
				DEFINES_MODULE = YES;
				DYLIB_COMPATIBILITY_VERSION = 1;
				DYLIB_CURRENT_VERSION = 1;
				DYLIB_INSTALL_NAME_BASE = "@rpath";
				GENERATE_INFOPLIST_FILE = YES;
				INFOPLIST_KEY_NSHumanReadableCopyright = "";
				INSTALL_PATH = "$(LOCAL_LIBRARY_DIR)/Frameworks";
				LD_RUNPATH_SEARCH_PATHS = (
					"$(inherited)",
					"@executable_path/../Frameworks",
					"@loader_path/Frameworks",
				);
				MARKETING_VERSION = 1.0;
				PRODUCT_BUNDLE_IDENTIFIER = interview.SinopacPaulyswen;
				PRODUCT_NAME = "$(TARGET_NAME:c99extidentifier)";
				SKIP_INSTALL = YES;
				SWIFT_EMIT_LOC_STRINGS = YES;
				SWIFT_VERSION = 5.0;
			};
			name = Debug;
		};
		D7F4F3DA287E995800980AD5 /* Release */ = {
			isa = XCBuildConfiguration;
			buildSettings = {
				CODE_SIGN_STYLE = Automatic;
				COMBINE_HIDPI_IMAGES = YES;
				CURRENT_PROJECT_VERSION = 1;
				DEFINES_MODULE = YES;
				DYLIB_COMPATIBILITY_VERSION = 1;
				DYLIB_CURRENT_VERSION = 1;
				DYLIB_INSTALL_NAME_BASE = "@rpath";
				GENERATE_INFOPLIST_FILE = YES;
				INFOPLIST_KEY_NSHumanReadableCopyright = "";
				INSTALL_PATH = "$(LOCAL_LIBRARY_DIR)/Frameworks";
				LD_RUNPATH_SEARCH_PATHS = (
					"$(inherited)",
					"@executable_path/../Frameworks",
					"@loader_path/Frameworks",
				);
				MARKETING_VERSION = 1.0;
				PRODUCT_BUNDLE_IDENTIFIER = interview.SinopacPaulyswen;
				PRODUCT_NAME = "$(TARGET_NAME:c99extidentifier)";
				SKIP_INSTALL = YES;
				SWIFT_EMIT_LOC_STRINGS = YES;
				SWIFT_VERSION = 5.0;
			};
			name = Release;
		};
		D7F4F3DC287E995800980AD5 /* Debug */ = {
			isa = XCBuildConfiguration;
			buildSettings = {
				ALWAYS_EMBED_SWIFT_STANDARD_LIBRARIES = YES;
				CODE_SIGN_STYLE = Automatic;
				CURRENT_PROJECT_VERSION = 1;
				GENERATE_INFOPLIST_FILE = YES;
				MARKETING_VERSION = 1.0;
				PRODUCT_BUNDLE_IDENTIFIER = interview.SinopacPaulyswenTests;
				PRODUCT_NAME = "$(TARGET_NAME)";
				SWIFT_EMIT_LOC_STRINGS = NO;
				SWIFT_VERSION = 5.0;
			};
			name = Debug;
		};
		D7F4F3DD287E995800980AD5 /* Release */ = {
			isa = XCBuildConfiguration;
			buildSettings = {
				ALWAYS_EMBED_SWIFT_STANDARD_LIBRARIES = YES;
				CODE_SIGN_STYLE = Automatic;
				CURRENT_PROJECT_VERSION = 1;
				GENERATE_INFOPLIST_FILE = YES;
				MARKETING_VERSION = 1.0;
				PRODUCT_BUNDLE_IDENTIFIER = interview.SinopacPaulyswenTests;
				PRODUCT_NAME = "$(TARGET_NAME)";
				SWIFT_EMIT_LOC_STRINGS = NO;
				SWIFT_VERSION = 5.0;
			};
			name = Release;
		};
/* End XCBuildConfiguration section */

/* Begin XCConfigurationList section */
		D7F4F3BE287E995800980AD5 /* Build configuration list for PBXProject "SinopacPaulyswen" */ = {
			isa = XCConfigurationList;
			buildConfigurations = (
				D7F4F3D6287E995800980AD5 /* Debug */,
				D7F4F3D7287E995800980AD5 /* Release */,
			);
			defaultConfigurationIsVisible = 0;
			defaultConfigurationName = Release;
		};
		D7F4F3D8287E995800980AD5 /* Build configuration list for PBXNativeTarget "SinopacPaulyswen" */ = {
			isa = XCConfigurationList;
			buildConfigurations = (
				D7F4F3D9287E995800980AD5 /* Debug */,
				D7F4F3DA287E995800980AD5 /* Release */,
			);
			defaultConfigurationIsVisible = 0;
			defaultConfigurationName = Release;
		};
		D7F4F3DB287E995800980AD5 /* Build configuration list for PBXNativeTarget "SinopacPaulyswenTests" */ = {
			isa = XCConfigurationList;
			buildConfigurations = (
				D7F4F3DC287E995800980AD5 /* Debug */,
				D7F4F3DD287E995800980AD5 /* Release */,
			);
			defaultConfigurationIsVisible = 0;
			defaultConfigurationName = Release;
		};
/* End XCConfigurationList section */
	};
	rootObject = D7F4F3BB287E995800980AD5 /* Project object */;
}
